{
    "requires": true,
    "lockfileVersion": 1,
    "dependencies": {
        "@fortawesome/fontawesome": {
            "version": "1.1.8",
            "resolved": "https://registry.npmjs.org/@fortawesome/fontawesome/-/fontawesome-1.1.8.tgz",
            "integrity": "sha512-c0/MtkPVT0fmiFcCyYoPjkG9PkMOvfrZw2+0BaJ+Rh6UEcK1AR/LaRgrHHjUkbAbs9LXxQJhFS8CJ4uSnK2+JA==",
            "requires": {
                "@fortawesome/fontawesome-common-types": "^0.1.7"
            }
        },
        "@fortawesome/fontawesome-common-types": {
            "version": "0.1.7",
            "resolved": "https://registry.npmjs.org/@fortawesome/fontawesome-common-types/-/fontawesome-common-types-0.1.7.tgz",
            "integrity": "sha512-ego8jRVSHfq/iq4KRZJKQeUAdi3ZjGNrqw4oPN3fNdvTBnLCSntwVCnc37bsAJP9UB8MhrTfPnZYxkv2vpS4pg=="
        },
        "@fortawesome/fontawesome-free-solid": {
            "version": "5.0.13",
            "resolved": "https://registry.npmjs.org/@fortawesome/fontawesome-free-solid/-/fontawesome-free-solid-5.0.13.tgz",
            "integrity": "sha512-b+krVnqkdDt52Yfev0x0ZZgtxBQsLw00Zfa3uaVWIDzpNZVtrEXuxldUSUaN/ihgGhSNi8VpvDAdNPVgCKOSxw==",
            "requires": {
                "@fortawesome/fontawesome-common-types": "^0.1.7"
            }
        },
        "bulma": {
            "version": "0.7.2",
            "resolved": "https://registry.npmjs.org/bulma/-/bulma-0.7.2.tgz",
            "integrity": "sha512-6JHEu8U/1xsyOst/El5ImLcZIiE2JFXgvrz8GGWbnDLwTNRPJzdAM0aoUM1Ns0avALcVb6KZz9NhzmU53dGDcQ=="
        },
        "vue": {
            "version": "2.5.21",
            "resolved": "https://registry.npmjs.org/vue/-/vue-2.5.21.tgz",
            "integrity": "sha512-Aejvyyfhn0zjVeLvXd70h4hrE4zZDx1wfZqia6ekkobLmUZ+vNFQer53B4fu0EjWBSiqApxPejzkO1Znt3joxQ==",
            "dev": true
        },
        "vue-router": {
            "version": "3.0.2",
            "resolved": "https://registry.npmjs.org/vue-router/-/vue-router-3.0.2.tgz",
            "integrity": "sha512-opKtsxjp9eOcFWdp6xLQPLmRGgfM932Tl56U9chYTnoWqKxQ8M20N7AkdEbM5beUh6wICoFGYugAX9vQjyJLFg=="
        }
    }
}
